
Microsoft Visual Studio Solution File, Format Version 12.00
# Visual Studio Version 17
VisualStudioVersion = 17.13.35913.81 d17.13
MinimumVisualStudioVersion = 10.0.40219.1
Project("{FAE04EC0-301F-11D3-BF4B-00C04F79EFBC}") = "RocketSeat", "RocketSeat\RocketSeat.csproj", "{1E8AB085-EDE5-450E-B894-8CB272901727}"
EndProject
Global
	GlobalSection(SolutionConfigurationPlatforms) = preSolution
		Debug|Any CPU = Debug|Any CPU
		Release|Any CPU = Release|Any CPU
	EndGlobalSection
	GlobalSection(ProjectConfigurationPlatforms) = postSolution
		{1E8AB085-EDE5-450E-B894-8CB272901727}.Debug|Any CPU.ActiveCfg = Debug|Any CPU
		{1E8AB085-EDE5-450E-B894-8CB272901727}.Debug|Any CPU.Build.0 = Debug|Any CPU
		{1E8AB085-EDE5-450E-B894-8CB272901727}.Release|Any CPU.ActiveCfg = Release|Any CPU
		{1E8AB085-EDE5-450E-B894-8CB272901727}.Release|Any CPU.Build.0 = Release|Any CPU
	EndGlobalSection
	GlobalSection(SolutionProperties) = preSolution
		HideSolutionNode = FALSE
	EndGlobalSection
	GlobalSection(ExtensibilityGlobals) = postSolution
		SolutionGuid = {1D03836C-05B9-43B3-8FF2-0750EDC4568B}
	EndGlobalSection
EndGlobal
